
Microsoft Visual Studio Solution File, Format Version 12.00
# Visual Studio Version 16
VisualStudioVersion = 16.0.31515.178
MinimumVisualStudioVersion = 10.0.40219.1
Project("{FAE04EC0-301F-11D3-BF4B-00C04F79EFBC}") = "DigitalClock", "DigitalClock.csproj", "{FE6A11E3-44A8-472A-AA3C-AB9071EF093E}"
EndProject
Global
	GlobalSection(SolutionConfigurationPlatforms) = preSolution
		Debug|Any CPU = Debug|Any CPU
		Release|Any CPU = Release|Any CPU
	EndGlobalSection
	GlobalSection(ProjectConfigurationPlatforms) = postSolution
		{FE6A11E3-44A8-472A-AA3C-AB9071EF093E}.Debug|Any CPU.ActiveCfg = Debug|Any CPU
		{FE6A11E3-44A8-472A-AA3C-AB9071EF093E}.Debug|Any CPU.Build.0 = Debug|Any CPU
		{FE6A11E3-44A8-472A-AA3C-AB9071EF093E}.Release|Any CPU.ActiveCfg = Release|Any CPU
		{FE6A11E3-44A8-472A-AA3C-AB9071EF093E}.Release|Any CPU.Build.0 = Release|Any CPU
	EndGlobalSection
	GlobalSection(SolutionProperties) = preSolution
		HideSolutionNode = FALSE
	EndGlobalSection
	GlobalSection(ExtensibilityGlobals) = postSolution
		SolutionGuid = {C5C32612-4B7E-4827-8659-F2F06C69F012}
	EndGlobalSection
EndGlobal
